// !$*UTF8*$!
{
	archiveVersion = 1;
	classes = {
	};
	objectVersion = 50;
	objects = {

/* Begin PBXBuildFile section */
		FF09BA59242E911C001BC2E5 /* AppDelegate.swift in Sources */ = {isa = PBXBuildFile; fileRef = FF09BA58242E911C001BC2E5 /* AppDelegate.swift */; };
		FF09BA5B242E911C001BC2E5 /* SceneDelegate.swift in Sources */ = {isa = PBXBuildFile; fileRef = FF09BA5A242E911C001BC2E5 /* SceneDelegate.swift */; };
		FF09BA62242E911D001BC2E5 /* Assets.xcassets in Resources */ = {isa = PBXBuildFile; fileRef = FF09BA61242E911D001BC2E5 /* Assets.xcassets */; };
		FF09BA65242E911D001BC2E5 /* LaunchScreen.storyboard in Resources */ = {isa = PBXBuildFile; fileRef = FF09BA63242E911D001BC2E5 /* LaunchScreen.storyboard */; };
		FF09BA6D242E9154001BC2E5 /* Main.storyboard in Resources */ = {isa = PBXBuildFile; fileRef = FF09BA6C242E9154001BC2E5 /* Main.storyboard */; };
		FF09BA6F242E9173001BC2E5 /* ViewController.swift in Sources */ = {isa = PBXBuildFile; fileRef = FF09BA6E242E9173001BC2E5 /* ViewController.swift */; };
		FF09BA71242E917A001BC2E5 /* TableViewCell.swift in Sources */ = {isa = PBXBuildFile; fileRef = FF09BA70242E917A001BC2E5 /* TableViewCell.swift */; };
/* End PBXBuildFile section */

/* Begin PBXFileReference section */
		FF09BA55242E911C001BC2E5 /* Infinite Scroll.app */ = {isa = PBXFileReference; explicitFileType = wrapper.application; includeInIndex = 0; path = "Infinite Scroll.app"; sourceTree = BUILT_PRODUCTS_DIR; };
		FF09BA58242E911C001BC2E5 /* AppDelegate.swift */ = {isa = PBXFileReference; lastKnownFileType = sourcecode.swift; path = AppDelegate.swift; sourceTree = "<group>"; };
		FF09BA5A242E911C001BC2E5 /* SceneDelegate.swift */ = {isa = PBXFileReference; lastKnownFileType = sourcecode.swift; path = SceneDelegate.swift; sourceTree = "<group>"; };
		FF09BA61242E911D001BC2E5 /* Assets.xcassets */ = {isa = PBXFileReference; lastKnownFileType = folder.assetcatalog; path = Assets.xcassets; sourceTree = "<group>"; };
		FF09BA64242E911D001BC2E5 /* Base */ = {isa = PBXFileReference; lastKnownFileType = file.storyboard; name = Base; path = Base.lproj/LaunchScreen.storyboard; sourceTree = "<group>"; };
		FF09BA66242E911D001BC2E5 /* Info.plist */ = {isa = PBXFileReference; lastKnownFileType = text.plist.xml; path = Info.plist; sourceTree = "<group>"; };
		FF09BA6C242E9154001BC2E5 /* Main.storyboard */ = {isa = PBXFileReference; fileEncoding = 4; lastKnownFileType = file.storyboard; path = Main.storyboard; sourceTree = "<group>"; };
		FF09BA6E242E9173001BC2E5 /* ViewController.swift */ = {isa = PBXFileReference; fileEncoding = 4; lastKnownFileType = sourcecode.swift; path = ViewController.swift; sourceTree = "<group>"; };
		FF09BA70242E917A001BC2E5 /* TableViewCell.swift */ = {isa = PBXFileReference; fileEncoding = 4; lastKnownFileType = sourcecode.swift; path = TableViewCell.swift; sourceTree = "<group>"; };
/* End PBXFileReference section */

/* Begin PBXFrameworksBuildPhase section */
		FF09BA52242E911C001BC2E5 /* Frameworks */ = {
			isa = PBXFrameworksBuildPhase;
			buildActionMask = 2147483647;
			files = (
			);
			runOnlyForDeploymentPostprocessing = 0;
		};
/* End PBXFrameworksBuildPhase section */

/* Begin PBXGroup section */
		FF09BA4C242E911C001BC2E5 = {
			isa = PBXGroup;
			children = (
				FF09BA57242E911C001BC2E5 /* Infinite Scroll */,
				FF09BA56242E911C001BC2E5 /* Products */,
			);
			sourceTree = "<group>";
		};
		FF09BA56242E911C001BC2E5 /* Products */ = {
			isa = PBXGroup;
			children = (
				FF09BA55242E911C001BC2E5 /* Infinite Scroll.app */,
			);
			name = Products;
			sourceTree = "<group>";
		};
		FF09BA57242E911C001BC2E5 /* Infinite Scroll */ = {
			isa = PBXGroup;
			children = (
				FF09BA58242E911C001BC2E5 /* AppDelegate.swift */,
				FF09BA5A242E911C001BC2E5 /* SceneDelegate.swift */,
				FF09BA6E242E9173001BC2E5 /* ViewController.swift */,
				FF09BA70242E917A001BC2E5 /* TableViewCell.swift */,
				FF09BA6C242E9154001BC2E5 /* Main.storyboard */,
				FF09BA63242E911D001BC2E5 /* LaunchScreen.storyboard */,
				FF09BA66242E911D001BC2E5 /* Info.plist */,
				FF09BA61242E911D001BC2E5 /* Assets.xcassets */,
			);
			path = "Infinite Scroll";
			sourceTree = "<group>";
		};
/* End PBXGroup section */

/* Begin PBXNativeTarget section */
		FF09BA54242E911C001BC2E5 /* Infinite Scroll */ = {
			isa = PBXNativeTarget;
			buildConfigurationList = FF09BA69242E911D001BC2E5 /* Build configuration list for PBXNativeTarget "Infinite Scroll" */;
			buildPhases = (
				FF09BA51242E911C001BC2E5 /* Sources */,
				FF09BA52242E911C001BC2E5 /* Frameworks */,
				FF09BA53242E911C001BC2E5 /* Resources */,
			);
			buildRules = (
			);
			dependencies = (
			);
			name = "Infinite Scroll";
			productName = "Infinite Scroll";
			productReference = FF09BA55242E911C001BC2E5 /* Infinite Scroll.app */;
			productType = "com.apple.product-type.application";
		};
/* End PBXNativeTarget section */

/* Begin PBXProject section */
		FF09BA4D242E911C001BC2E5 /* Project object */ = {
			isa = PBXProject;
			attributes = {
				LastSwiftUpdateCheck = 1140;
				LastUpgradeCheck = 1140;
				ORGANIZATIONNAME = "Fahim Rahman";
				TargetAttributes = {
					FF09BA54242E911C001BC2E5 = {
						CreatedOnToolsVersion = 11.4;
					};
				};
			};
			buildConfigurationList = FF09BA50242E911C001BC2E5 /* Build configuration list for PBXProject "Infinite Scroll" */;
			compatibilityVersion = "Xcode 9.3";
			developmentRegion = en;
			hasScannedForEncodings = 0;
			knownRegions = (
				en,
				Base,
			);
			mainGroup = FF09BA4C242E911C001BC2E5;
			productRefGroup = FF09BA56242E911C001BC2E5 /* Products */;
			projectDirPath = "";
			projectRoot = "";
			targets = (
				FF09BA54242E911C001BC2E5 /* Infinite Scroll */,
			);
		};
/* End PBXProject section */

/* Begin PBXResourcesBuildPhase section */
		FF09BA53242E911C001BC2E5 /* Resources */ = {
			isa = PBXResourcesBuildPhase;
			buildActionMask = 2147483647;
			files = (
				FF09BA6D242E9154001BC2E5 /* Main.storyboard in Resources */,
				FF09BA65242E911D001BC2E5 /* LaunchScreen.storyboard in Resources */,
				FF09BA62242E911D001BC2E5 /* Assets.xcassets in Resources */,
			);
			runOnlyForDeploymentPostprocessing = 0;
		};
/* End PBXResourcesBuildPhase section */

/* Begin PBXSourcesBuildPhase section */
		FF09BA51242E911C001BC2E5 /* Sources */ = {
			isa = PBXSourcesBuildPhase;
			buildActionMask = 2147483647;
			files = (
				FF09BA6F242E9173001BC2E5 /* ViewController.swift in Sources */,
				FF09BA71242E917A001BC2E5 /* TableViewCell.swift in Sources */,
				FF09BA59242E911C001BC2E5 /* AppDelegate.swift in Sources */,
				FF09BA5B242E911C001BC2E5 /* SceneDelegate.swift in Sources */,
			);
			runOnlyForDeploymentPostprocessing = 0;
		};
/* End PBXSourcesBuildPhase section */

/* Begin PBXVariantGroup section */
		FF09BA63242E911D001BC2E5 /* LaunchScreen.storyboard */ = {
			isa = PBXVariantGroup;
			children = (
				FF09BA64242E911D001BC2E5 /* Base */,
			);
			name = LaunchScreen.storyboard;
			sourceTree = "<group>";
		};
/* End PBXVariantGroup section */

/* Begin XCBuildConfiguration section */
		FF09BA67242E911D001BC2E5 /* Debug */ = {
			isa = XCBuildConfiguration;
			buildSettings = {
				ALWAYS_SEARCH_USER_PATHS = NO;
				CLANG_ANALYZER_NONNULL = YES;
				CLANG_ANALYZER_NUMBER_OBJECT_CONVERSION = YES_AGGRESSIVE;
				CLANG_CXX_LANGUAGE_STANDARD = "gnu++14";
				CLANG_CXX_LIBRARY = "libc++";
				CLANG_ENABLE_MODULES = YES;
				CLANG_ENABLE_OBJC_ARC = YES;
				CLANG_ENABLE_OBJC_WEAK = YES;
				CLANG_WARN_BLOCK_CAPTURE_AUTORELEASING = YES;
				CLANG_WARN_BOOL_CONVERSION = YES;
				CLANG_WARN_COMMA = YES;
				CLANG_WARN_CONSTANT_CONVERSION = YES;
				CLANG_WARN_DEPRECATED_OBJC_IMPLEMENTATIONS = YES;
				CLANG_WARN_DIRECT_OBJC_ISA_USAGE = YES_ERROR;
				CLANG_WARN_DOCUMENTATION_COMMENTS = YES;
				CLANG_WARN_EMPTY_BODY = YES;
				CLANG_WARN_ENUM_CONVERSION = YES;
				CLANG_WARN_INFINITE_RECURSION = YES;
				CLANG_WARN_INT_CONVERSION = YES;
				CLANG_WARN_NON_LITERAL_NULL_CONVERSION = YES;
				CLANG_WARN_OBJC_IMPLICIT_RETAIN_SELF = YES;
				CLANG_WARN_OBJC_LITERAL_CONVERSION = YES;
				CLANG_WARN_OBJC_ROOT_CLASS = YES_ERROR;
				CLANG_WARN_RANGE_LOOP_ANALYSIS = YES;
				CLANG_WARN_STRICT_PROTOTYPES = YES;
				CLANG_WARN_SUSPICIOUS_MOVE = YES;
				CLANG_WARN_UNGUARDED_AVAILABILITY = YES_AGGRESSIVE;
				CLANG_WARN_UNREACHABLE_CODE = YES;
				CLANG_WARN__DUPLICATE_METHOD_MATCH = YES;
				COPY_PHASE_STRIP = NO;
				DEBUG_INFORMATION_FORMAT = dwarf;
				ENABLE_STRICT_OBJC_MSGSEND = YES;
				ENABLE_TESTABILITY = YES;
				GCC_C_LANGUAGE_STANDARD = gnu11;
				GCC_DYNAMIC_NO_PIC = NO;
				GCC_NO_COMMON_BLOCKS = YES;
				GCC_OPTIMIZATION_LEVEL = 0;
				GCC_PREPROCESSOR_DEFINITIONS = (
					"DEBUG=1",
					"$(inherited)",
				);
				GCC_WARN_64_TO_32_BIT_CONVERSION = YES;
				GCC_WARN_ABOUT_RETURN_TYPE = YES_ERROR;
				GCC_WARN_UNDECLARED_SELECTOR = YES;
				GCC_WARN_UNINITIALIZED_AUTOS = YES_AGGRESSIVE;
				GCC_WARN_UNUSED_FUNCTION = YES;
				GCC_WARN_UNUSED_VARIABLE = YES;
				IPHONEOS_DEPLOYMENT_TARGET = 13.4;
				MTL_ENABLE_DEBUG_INFO = INCLUDE_SOURCE;
				MTL_FAST_MATH = YES;
				ONLY_ACTIVE_ARCH = YES;
				SDKROOT = iphoneos;
				SWIFT_ACTIVE_COMPILATION_CONDITIONS = DEBUG;
				SWIFT_OPTIMIZATION_LEVEL = "-Onone";
			};
			name = Debug;
		};
		FF09BA68242E911D001BC2E5 /* Release */ = {
			isa = XCBuildConfiguration;
			buildSettings = {
				ALWAYS_SEARCH_USER_PATHS = NO;
				CLANG_ANALYZER_NONNULL = YES;
				CLANG_ANALYZER_NUMBER_OBJECT_CONVERSION = YES_AGGRESSIVE;
				CLANG_CXX_LANGUAGE_STANDARD = "gnu++14";
				CLANG_CXX_LIBRARY = "libc++";
				CLANG_ENABLE_MODULES = YES;
				CLANG_ENABLE_OBJC_ARC = YES;
				CLANG_ENABLE_OBJC_WEAK = YES;
				CLANG_WARN_BLOCK_CAPTURE_AUTORELEASING = YES;
				CLANG_WARN_BOOL_CONVERSION = YES;
				CLANG_WARN_COMMA = YES;
				CLANG_WARN_CONSTANT_CONVERSION = YES;
				CLANG_WARN_DEPRECATED_OBJC_IMPLEMENTATIONS = YES;
				CLANG_WARN_DIRECT_OBJC_ISA_USAGE = YES_ERROR;
				CLANG_WARN_DOCUMENTATION_COMMENTS = YES;
				CLANG_WARN_EMPTY_BODY = YES;
				CLANG_WARN_ENUM_CONVERSION = YES;
				CLANG_WARN_INFINITE_RECURSION = YES;
				CLANG_WARN_INT_CONVERSION = YES;
				CLANG_WARN_NON_LITERAL_NULL_CONVERSION = YES;
				CLANG_WARN_OBJC_IMPLICIT_RETAIN_SELF = YES;
				CLANG_WARN_OBJC_LITERAL_CONVERSION = YES;
				CLANG_WARN_OBJC_ROOT_CLASS = YES_ERROR;
				CLANG_WARN_RANGE_LOOP_ANALYSIS = YES;
				CLANG_WARN_STRICT_PROTOTYPES = YES;
				CLANG_WARN_SUSPICIOUS_MOVE = YES;
				CLANG_WARN_UNGUARDED_AVAILABILITY = YES_AGGRESSIVE;
				CLANG_WARN_UNREACHABLE_CODE = YES;
				CLANG_WARN__DUPLICATE_METHOD_MATCH = YES;
				COPY_PHASE_STRIP = NO;
				DEBUG_INFORMATION_FORMAT = "dwarf-with-dsym";
				ENABLE_NS_ASSERTIONS = NO;
				ENABLE_STRICT_OBJC_MSGSEND = YES;
				GCC_C_LANGUAGE_STANDARD = gnu11;
				GCC_NO_COMMON_BLOCKS = YES;
				GCC_WARN_64_TO_32_BIT_CONVERSION = YES;
				GCC_WARN_ABOUT_RETURN_TYPE = YES_ERROR;
				GCC_WARN_UNDECLARED_SELECTOR = YES;
				GCC_WARN_UNINITIALIZED_AUTOS = YES_AGGRESSIVE;
				GCC_WARN_UNUSED_FUNCTION = YES;
				GCC_WARN_UNUSED_VARIABLE = YES;
				IPHONEOS_DEPLOYMENT_TARGET = 13.4;
				MTL_ENABLE_DEBUG_INFO = NO;
				MTL_FAST_MATH = YES;
				SDKROOT = iphoneos;
				SWIFT_COMPILATION_MODE = wholemodule;
				SWIFT_OPTIMIZATION_LEVEL = "-O";
				VALIDATE_PRODUCT = YES;
			};
			name = Release;
		};
		FF09BA6A242E911D001BC2E5 /* Debug */ = {
			isa = XCBuildConfiguration;
			buildSettings = {
				ASSETCATALOG_COMPILER_APPICON_NAME = AppIcon;
				CODE_SIGN_STYLE = Automatic;
				DEVELOPMENT_TEAM = R975Y8X2C9;
				INFOPLIST_FILE = "Infinite Scroll/Info.plist";
				LD_RUNPATH_SEARCH_PATHS = (
					"$(inherited)",
					"@executable_path/Frameworks",
				);
				PRODUCT_BUNDLE_IDENTIFIER = "com.fahimrahman.Infinite-Scroll";
				PRODUCT_NAME = "$(TARGET_NAME)";
				SWIFT_VERSION = 5.0;
				TARGETED_DEVICE_FAMILY = "1,2";
			};
			name = Debug;
		};
		FF09BA6B242E911D001BC2E5 /* Release */ = {
			isa = XCBuildConfiguration;
			buildSettings = {
				ASSETCATALOG_COMPILER_APPICON_NAME = AppIcon;
				CODE_SIGN_STYLE = Automatic;
				DEVELOPMENT_TEAM = R975Y8X2C9;
				INFOPLIST_FILE = "Infinite Scroll/Info.plist";
				LD_RUNPATH_SEARCH_PATHS = (
					"$(inherited)",
					"@executable_path/Frameworks",
				);
				PRODUCT_BUNDLE_IDENTIFIER = "com.fahimrahman.Infinite-Scroll";
				PRODUCT_NAME = "$(TARGET_NAME)";
				SWIFT_VERSION = 5.0;
				TARGETED_DEVICE_FAMILY = "1,2";
			};
			name = Release;
		};
/* End XCBuildConfiguration section */

/* Begin XCConfigurationList section */
		FF09BA50242E911C001BC2E5 /* Build configuration list for PBXProject "Infinite Scroll" */ = {
			isa = XCConfigurationList;
			buildConfigurations = (
				FF09BA67242E911D001BC2E5 /* Debug */,
				FF09BA68242E911D001BC2E5 /* Release */,
			);
			defaultConfigurationIsVisible = 0;
			defaultConfigurationName = Release;
		};
		FF09BA69242E911D001BC2E5 /* Build configuration list for PBXNativeTarget "Infinite Scroll" */ = {
			isa = XCConfigurationList;
			buildConfigurations = (
				FF09BA6A242E911D001BC2E5 /* Debug */,
				FF09BA6B242E911D001BC2E5 /* Release */,
			);
			defaultConfigurationIsVisible = 0;
			defaultConfigurationName = Release;
		};
/* End XCConfigurationList section */
	};
	rootObject = FF09BA4D242E911C001BC2E5 /* Project object */;
}
